
Microsoft Visual Studio Solution File, Format Version 12.00
# Visual Studio Version 16
VisualStudioVersion = 16.0.30804.86
MinimumVisualStudioVersion = 10.0.40219.1
Project("{FAE04EC0-301F-11D3-BF4B-00C04F79EFBC}") = "Get_TC_Login", "Get_TC_Login.csproj", "{12DE1EC3-2D22-406E-8CE7-CCA184671AE2}"
EndProject
Global
	GlobalSection(SolutionConfigurationPlatforms) = preSolution
		Debug|Any CPU = Debug|Any CPU
		Release|Any CPU = Release|Any CPU
	EndGlobalSection
	GlobalSection(ProjectConfigurationPlatforms) = postSolution
		{12DE1EC3-2D22-406E-8CE7-CCA184671AE2}.Debug|Any CPU.ActiveCfg = Debug|Any CPU
		{12DE1EC3-2D22-406E-8CE7-CCA184671AE2}.Debug|Any CPU.Build.0 = Debug|Any CPU
		{12DE1EC3-2D22-406E-8CE7-CCA184671AE2}.Release|Any CPU.ActiveCfg = Release|Any CPU
		{12DE1EC3-2D22-406E-8CE7-CCA184671AE2}.Release|Any CPU.Build.0 = Release|Any CPU
	EndGlobalSection
	GlobalSection(SolutionProperties) = preSolution
		HideSolutionNode = FALSE
	EndGlobalSection
	GlobalSection(ExtensibilityGlobals) = postSolution
		SolutionGuid = {240E4E97-D95E-42B1-B50C-2C98177EE07F}
	EndGlobalSection
EndGlobal
